
Microsoft Visual Studio Solution File, Format Version 12.00
# Visual Studio Version 16
VisualStudioVersion = 16.0.29728.190
MinimumVisualStudioVersion = 10.0.40219.1
Project("{FAE04EC0-301F-11D3-BF4B-00C04F79EFBC}") = "ClassPrograms", "ClassPrograms\ClassPrograms.csproj", "{7965B294-F4DF-4ED6-8DE9-14457CA703F0}"
EndProject
Project("{FAE04EC0-301F-11D3-BF4B-00C04F79EFBC}") = "evenorodd", "evenorodd\evenorodd.csproj", "{24301EE8-85F6-482B-88C1-6606002CB967}"
EndProject
Project("{FAE04EC0-301F-11D3-BF4B-00C04F79EFBC}") = "Week", "Week\Week.csproj", "{18981DEF-F49D-4B9E-99DE-43AFB475DAC5}"
EndProject
Global
	GlobalSection(SolutionConfigurationPlatforms) = preSolution
		Debug|Any CPU = Debug|Any CPU
		Release|Any CPU = Release|Any CPU
	EndGlobalSection
	GlobalSection(ProjectConfigurationPlatforms) = postSolution
		{7965B294-F4DF-4ED6-8DE9-14457CA703F0}.Debug|Any CPU.ActiveCfg = Debug|Any CPU
		{7965B294-F4DF-4ED6-8DE9-14457CA703F0}.Debug|Any CPU.Build.0 = Debug|Any CPU
		{7965B294-F4DF-4ED6-8DE9-14457CA703F0}.Release|Any CPU.ActiveCfg = Release|Any CPU
		{7965B294-F4DF-4ED6-8DE9-14457CA703F0}.Release|Any CPU.Build.0 = Release|Any CPU
		{24301EE8-85F6-482B-88C1-6606002CB967}.Debug|Any CPU.ActiveCfg = Debug|Any CPU
		{24301EE8-85F6-482B-88C1-6606002CB967}.Debug|Any CPU.Build.0 = Debug|Any CPU
		{24301EE8-85F6-482B-88C1-6606002CB967}.Release|Any CPU.ActiveCfg = Release|Any CPU
		{24301EE8-85F6-482B-88C1-6606002CB967}.Release|Any CPU.Build.0 = Release|Any CPU
		{18981DEF-F49D-4B9E-99DE-43AFB475DAC5}.Debug|Any CPU.ActiveCfg = Debug|Any CPU
		{18981DEF-F49D-4B9E-99DE-43AFB475DAC5}.Debug|Any CPU.Build.0 = Debug|Any CPU
		{18981DEF-F49D-4B9E-99DE-43AFB475DAC5}.Release|Any CPU.ActiveCfg = Release|Any CPU
		{18981DEF-F49D-4B9E-99DE-43AFB475DAC5}.Release|Any CPU.Build.0 = Release|Any CPU
	EndGlobalSection
	GlobalSection(SolutionProperties) = preSolution
		HideSolutionNode = FALSE
	EndGlobalSection
	GlobalSection(ExtensibilityGlobals) = postSolution
		SolutionGuid = {DD57E5F5-3E2E-4471-AC67-E1D6858452BD}
	EndGlobalSection
EndGlobal
